
Microsoft Visual Studio Solution File, Format Version 12.00
# Visual Studio Version 17
VisualStudioVersion = 17.14.37411.7 d17.14
MinimumVisualStudioVersion = 10.0.40219.1
Project("{FAE04EC0-301F-11D3-BF4B-00C04F79EFBC}") = "LibraryAPI", "LibraryAPI.csproj", "{7113495A-97E8-46E3-BB9E-BB7EBFB30EFD}"
EndProject
Global
	GlobalSection(SolutionConfigurationPlatforms) = preSolution
		Debug|Any CPU = Debug|Any CPU
		Release|Any CPU = Release|Any CPU
	EndGlobalSection
	GlobalSection(ProjectConfigurationPlatforms) = postSolution
		{7113495A-97E8-46E3-BB9E-BB7EBFB30EFD}.Debug|Any CPU.ActiveCfg = Debug|Any CPU
		{7113495A-97E8-46E3-BB9E-BB7EBFB30EFD}.Debug|Any CPU.Build.0 = Debug|Any CPU
		{7113495A-97E8-46E3-BB9E-BB7EBFB30EFD}.Release|Any CPU.ActiveCfg = Release|Any CPU
		{7113495A-97E8-46E3-BB9E-BB7EBFB30EFD}.Release|Any CPU.Build.0 = Release|Any CPU
	EndGlobalSection
	GlobalSection(SolutionProperties) = preSolution
		HideSolutionNode = FALSE
	EndGlobalSection
	GlobalSection(ExtensibilityGlobals) = postSolution
		SolutionGuid = {4018FD73-AC88-42B3-B3EF-A4653140B48B}
	EndGlobalSection
EndGlobal
